
Microsoft Visual Studio Solution File, Format Version 12.00
# Visual Studio Version 17
VisualStudioVersion = 17.7.34024.191
MinimumVisualStudioVersion = 10.0.40219.1
Project("{9A19103F-16F7-4668-BE54-9A1E7A4F7556}") = "K", "K.csproj", "{8BDEF9F0-DF43-4D90-B800-D952AC6C0EDB}"
EndProject
Global
	GlobalSection(SolutionConfigurationPlatforms) = preSolution
		Debug|Any CPU = Debug|Any CPU
		Release|Any CPU = Release|Any CPU
	EndGlobalSection
	GlobalSection(ProjectConfigurationPlatforms) = postSolution
		{8BDEF9F0-DF43-4D90-B800-D952AC6C0EDB}.Debug|Any CPU.ActiveCfg = Debug|Any CPU
		{8BDEF9F0-DF43-4D90-B800-D952AC6C0EDB}.Debug|Any CPU.Build.0 = Debug|Any CPU
		{8BDEF9F0-DF43-4D90-B800-D952AC6C0EDB}.Release|Any CPU.ActiveCfg = Release|Any CPU
		{8BDEF9F0-DF43-4D90-B800-D952AC6C0EDB}.Release|Any CPU.Build.0 = Release|Any CPU
	EndGlobalSection
	GlobalSection(SolutionProperties) = preSolution
		HideSolutionNode = FALSE
	EndGlobalSection
	GlobalSection(ExtensibilityGlobals) = postSolution
		SolutionGuid = {EA29F19D-3DB7-4D3F-9A6D-C8D4E6D341AF}
	EndGlobalSection
EndGlobal
